
Microsoft Visual Studio Solution File, Format Version 12.00
# Visual Studio Version 17
VisualStudioVersion = 17.0.32112.339
MinimumVisualStudioVersion = 10.0.40219.1
Project("{FAE04EC0-301F-11D3-BF4B-00C04F79EFBC}") = "PowerPlantCzarnobyl", "Codementors.PowerPlant\PowerPlantCzarnobyl.csproj", "{74DFB5DB-C4F2-4D38-9DC8-091DD27D1EA7}"
EndProject
Project("{FAE04EC0-301F-11D3-BF4B-00C04F79EFBC}") = "PowerPlantCzarnobyl.Domain", "PowerPlant.Domain\PowerPlantCzarnobyl.Domain.csproj", "{CCCD3B95-2096-42C2-AC70-A209AF123041}"
EndProject
Project("{FAE04EC0-301F-11D3-BF4B-00C04F79EFBC}") = "PowerPlantCzarnobyl.Infrastructure", "PowerPlant.Infrastructure\PowerPlantCzarnobyl.Infrastructure.csproj", "{EB96C09A-9C31-4955-8D24-1ABE9243E4B4}"
EndProject
Project("{2150E333-8FDC-42A3-9474-1A3956D46DE8}") = "Tests", "Tests", "{6B396840-6454-4EA4-9EF9-C25E887AE6CA}"
EndProject
Project("{FAE04EC0-301F-11D3-BF4B-00C04F79EFBC}") = "PowerPlantCzarnobyl.Tests", "PowerPlantCzarnobyl.Tests\PowerPlantCzarnobyl.Tests.csproj", "{0788A929-482A-4D37-9FD8-500ED81B742D}"
EndProject
Project("{2150E333-8FDC-42A3-9474-1A3956D46DE8}") = "WebApi", "WebApi", "{A408ABEE-03F6-4C14-A299-4715FE0794C0}"
EndProject
Project("{FAE04EC0-301F-11D3-BF4B-00C04F79EFBC}") = "PowerPlantCzarnobyl.WebApi.Server", "PowerPlantCzarnobyl.WebApi.Server\PowerPlantCzarnobyl.WebApi.Server.csproj", "{EC075C0B-0822-41C5-B604-20C55C8058EA}"
EndProject
Project("{FAE04EC0-301F-11D3-BF4B-00C04F79EFBC}") = "PowerPlantCzarnobyl.WebApi.Client", "PowerPlantCzarnobyl.WebApi.Client\PowerPlantCzarnobyl.WebApi.Client.csproj", "{91DD9B00-64D2-466E-8306-376A8B85E953}"
EndProject
Project("{2150E333-8FDC-42A3-9474-1A3956D46DE8}") = "Wcf", "Wcf", "{E16A8F95-7626-42FE-AF78-A6C218277727}"
EndProject
Project("{FAE04EC0-301F-11D3-BF4B-00C04F79EFBC}") = "PowerPlantCzarnobyl.Wcf.ServiceDefinitions", "PowerPlantCzarnobyl.Wcf.ServiceDefinitions\PowerPlantCzarnobyl.Wcf.ServiceDefinitions.csproj", "{FC24EE5D-8F61-4590-92C8-35F9A379ADC5}"
EndProject
Project("{FAE04EC0-301F-11D3-BF4B-00C04F79EFBC}") = "PowerPlantCzarnobyl.Wcf.SelfhostServer", "PowerPlantCzarnobyl.Wcf.SelfhostServer\PowerPlantCzarnobyl.Wcf.SelfhostServer.csproj", "{32CAF1D2-360B-47F3-AAAF-08042A1E6974}"
EndProject
Project("{FAE04EC0-301F-11D3-BF4B-00C04F79EFBC}") = "PowerPlantCzarnobyl.Wcf.Client", "PowerPlantCzarnobyl.Wcf.Client\PowerPlantCzarnobyl.Wcf.Client.csproj", "{A651405F-817C-4EA4-A8D4-F0AE73D5D18E}"
EndProject
Global
	GlobalSection(SolutionConfigurationPlatforms) = preSolution
		Debug|Any CPU = Debug|Any CPU
		Release|Any CPU = Release|Any CPU
	EndGlobalSection
	GlobalSection(ProjectConfigurationPlatforms) = postSolution
		{74DFB5DB-C4F2-4D38-9DC8-091DD27D1EA7}.Debug|Any CPU.ActiveCfg = Debug|Any CPU
		{74DFB5DB-C4F2-4D38-9DC8-091DD27D1EA7}.Debug|Any CPU.Build.0 = Debug|Any CPU
		{74DFB5DB-C4F2-4D38-9DC8-091DD27D1EA7}.Release|Any CPU.ActiveCfg = Release|Any CPU
		{74DFB5DB-C4F2-4D38-9DC8-091DD27D1EA7}.Release|Any CPU.Build.0 = Release|Any CPU
		{CCCD3B95-2096-42C2-AC70-A209AF123041}.Debug|Any CPU.ActiveCfg = Debug|Any CPU
		{CCCD3B95-2096-42C2-AC70-A209AF123041}.Debug|Any CPU.Build.0 = Debug|Any CPU
		{CCCD3B95-2096-42C2-AC70-A209AF123041}.Release|Any CPU.ActiveCfg = Release|Any CPU
		{CCCD3B95-2096-42C2-AC70-A209AF123041}.Release|Any CPU.Build.0 = Release|Any CPU
		{EB96C09A-9C31-4955-8D24-1ABE9243E4B4}.Debug|Any CPU.ActiveCfg = Debug|Any CPU
		{EB96C09A-9C31-4955-8D24-1ABE9243E4B4}.Debug|Any CPU.Build.0 = Debug|Any CPU
		{EB96C09A-9C31-4955-8D24-1ABE9243E4B4}.Release|Any CPU.ActiveCfg = Release|Any CPU
		{EB96C09A-9C31-4955-8D24-1ABE9243E4B4}.Release|Any CPU.Build.0 = Release|Any CPU
		{0788A929-482A-4D37-9FD8-500ED81B742D}.Debug|Any CPU.ActiveCfg = Debug|Any CPU
		{0788A929-482A-4D37-9FD8-500ED81B742D}.Debug|Any CPU.Build.0 = Debug|Any CPU
		{0788A929-482A-4D37-9FD8-500ED81B742D}.Release|Any CPU.ActiveCfg = Release|Any CPU
		{0788A929-482A-4D37-9FD8-500ED81B742D}.Release|Any CPU.Build.0 = Release|Any CPU
		{EC075C0B-0822-41C5-B604-20C55C8058EA}.Debug|Any CPU.ActiveCfg = Debug|Any CPU
		{EC075C0B-0822-41C5-B604-20C55C8058EA}.Debug|Any CPU.Build.0 = Debug|Any CPU
		{EC075C0B-0822-41C5-B604-20C55C8058EA}.Release|Any CPU.ActiveCfg = Release|Any CPU
		{EC075C0B-0822-41C5-B604-20C55C8058EA}.Release|Any CPU.Build.0 = Release|Any CPU
		{91DD9B00-64D2-466E-8306-376A8B85E953}.Debug|Any CPU.ActiveCfg = Debug|Any CPU
		{91DD9B00-64D2-466E-8306-376A8B85E953}.Debug|Any CPU.Build.0 = Debug|Any CPU
		{91DD9B00-64D2-466E-8306-376A8B85E953}.Release|Any CPU.ActiveCfg = Release|Any CPU
		{91DD9B00-64D2-466E-8306-376A8B85E953}.Release|Any CPU.Build.0 = Release|Any CPU
		{FC24EE5D-8F61-4590-92C8-35F9A379ADC5}.Debug|Any CPU.ActiveCfg = Debug|Any CPU
		{FC24EE5D-8F61-4590-92C8-35F9A379ADC5}.Debug|Any CPU.Build.0 = Debug|Any CPU
		{FC24EE5D-8F61-4590-92C8-35F9A379ADC5}.Release|Any CPU.ActiveCfg = Release|Any CPU
		{FC24EE5D-8F61-4590-92C8-35F9A379ADC5}.Release|Any CPU.Build.0 = Release|Any CPU
		{32CAF1D2-360B-47F3-AAAF-08042A1E6974}.Debug|Any CPU.ActiveCfg = Debug|Any CPU
		{32CAF1D2-360B-47F3-AAAF-08042A1E6974}.Debug|Any CPU.Build.0 = Debug|Any CPU
		{32CAF1D2-360B-47F3-AAAF-08042A1E6974}.Release|Any CPU.ActiveCfg = Release|Any CPU
		{32CAF1D2-360B-47F3-AAAF-08042A1E6974}.Release|Any CPU.Build.0 = Release|Any CPU
		{A651405F-817C-4EA4-A8D4-F0AE73D5D18E}.Debug|Any CPU.ActiveCfg = Debug|Any CPU
		{A651405F-817C-4EA4-A8D4-F0AE73D5D18E}.Debug|Any CPU.Build.0 = Debug|Any CPU
		{A651405F-817C-4EA4-A8D4-F0AE73D5D18E}.Release|Any CPU.ActiveCfg = Release|Any CPU
		{A651405F-817C-4EA4-A8D4-F0AE73D5D18E}.Release|Any CPU.Build.0 = Release|Any CPU
	EndGlobalSection
	GlobalSection(SolutionProperties) = preSolution
		HideSolutionNode = FALSE
	EndGlobalSection
	GlobalSection(NestedProjects) = preSolution
		{0788A929-482A-4D37-9FD8-500ED81B742D} = {6B396840-6454-4EA4-9EF9-C25E887AE6CA}
		{EC075C0B-0822-41C5-B604-20C55C8058EA} = {A408ABEE-03F6-4C14-A299-4715FE0794C0}
		{91DD9B00-64D2-466E-8306-376A8B85E953} = {A408ABEE-03F6-4C14-A299-4715FE0794C0}
		{FC24EE5D-8F61-4590-92C8-35F9A379ADC5} = {E16A8F95-7626-42FE-AF78-A6C218277727}
		{32CAF1D2-360B-47F3-AAAF-08042A1E6974} = {E16A8F95-7626-42FE-AF78-A6C218277727}
		{A651405F-817C-4EA4-A8D4-F0AE73D5D18E} = {E16A8F95-7626-42FE-AF78-A6C218277727}
	EndGlobalSection
	GlobalSection(ExtensibilityGlobals) = postSolution
		SolutionGuid = {391B3177-78A4-4DE4-8DAA-85DAD779DE83}
	EndGlobalSection
EndGlobal
